{
  "version": 4,
  "terraform_version": "1.10.5",
  "serial": 32,
  "lineage": "7549f096-8de2-5c8b-c071-5a2d191ec629",
  "outputs": {
    "namespace": {
      "value": "fastfood",
      "type": "string"
    }
  },
  "resources": [
    {
      "mode": "data",
      "type": "aws_eks_cluster",
      "name": "eks",
      "provider": "provider[\"registry.terraform.io/hashicorp/aws\"]",
      "instances": [
        {
          "schema_version": 0,
          "attributes": {
            "access_config": [
              {
                "authentication_mode": "API",
                "bootstrap_cluster_creator_admin_permissions": true
              }
            ],
            "arn": "arn:aws:eks:us-east-1:822168632843:cluster/fastfood-cluster",
            "certificate_authority": [
              {
                "data": "LS0tLS1CRUdJTiBDRVJUSUZJQ0FURS0tLS0tCk1JSURCVENDQWUyZ0F3SUJBZ0lJR0dGZGQ4UDJhZzR3RFFZSktvWklodmNOQVFFTEJRQXdGVEVUTUJFR0ExVUUKQXhNS2EzVmlaWEp1WlhSbGN6QWVGdzB5TlRFd01EWXhOekE1TWpaYUZ3MHpOVEV3TURReE56RTBNalphTUJVeApFekFSQmdOVkJBTVRDbXQxWW1WeWJtVjBaWE13Z2dFaU1BMEdDU3FHU0liM0RRRUJBUVVBQTRJQkR3QXdnZ0VLCkFvSUJBUURDWTRzWTEvTWlWQkpCY20ydXR3ek56REQ1OGF2bUhJa3U2cXdaVTFMM2RkSWhtQ1ZYTkpjSUtJTXoKaUhyeEw0MEx0LzhhR1p1T01LZU1Bdk51T084c2FQYlNOamJFOWYxakpueTB3ci84aVRHdi8yUmpiY2VGWHloUAozTmpnRmhnYlNEY0JlZkkwTmE1bHlqTWk2K0pqUDlnaWZHTWM2Y1NGRGZKb3ExNk1KNGk0M3h5eUdpM2d4QnMvCmp0Y3RVWTNYdHpLY1NrdUxQbnA3U3llSng5TGkwZ3IvaVNhZURKZVlIQTZSSVZVaDZzT3c3YVpVdndvdVAyZC8KMFp5OFNLaHNMWlBieEdvRTBtWnYvQU1SaGZtVklrNlhCVlpDK20rd0E0ZUdPaldsYmVvQ1hHWlpMSXIyRXBmcQpaUEpDM0JCN1Z6ZGNxUm1lNENHZjBHQWFTMW9MQWdNQkFBR2pXVEJYTUE0R0ExVWREd0VCL3dRRUF3SUNwREFQCkJnTlZIUk1CQWY4RUJUQURBUUgvTUIwR0ExVWREZ1FXQkJTZFZ4MFlwYlNQbEUzdmNHbjVIYkQrb1N5Z2VqQVYKQmdOVkhSRUVEakFNZ2dwcmRXSmxjbTVsZEdWek1BMEdDU3FHU0liM0RRRUJDd1VBQTRJQkFRQlJtM1hqZTU0bwpyMzd2ZnVFUEVWQlYzVFJ2Rk5vK1RkY3B5Uk9PM3cxd0txUG9EQjJNWm50QW9rYlFMTTdZU250VG1OeWhnY25YClBraG5xZ1ZnQkxWQjhROHZJUGdZcnBUalExN3pqdUV6YWdJMXNOLzBKQmNLODg5UjV3OEdIaUJLRmMycUQ1YmsKVkNVY2tSc1FmM3hBNVhXb2cwQURJQndHbDV1ZzNTOTVUQXBvbVFNUHVZK3NMSGRRZ0MzSUs5RDZZY1lQc0dqeAo5ZDFCd0hqWHE0dmxIZ0dhT1l4ZkxPWnhHcG5OZVFnYlhaZTFVU3A2SmNueFdwN2VPUDlZM1hXSGNXOUdhemVlCkl6eG1jQlp2dGFxVlJnbjUzUytrRTNRc0d2WVp0c0ZOanpZM3FMd2ozZW1mcmdhTGV0UEFVem1lNTF3bkJ1RmwKckRRenFSLzdUeXl4Ci0tLS0tRU5EIENFUlRJRklDQVRFLS0tLS0K"
              }
            ],
            "cluster_id": null,
            "compute_config": [
              {
                "enabled": true,
                "node_pools": [
                  "general-purpose",
                  "system"
                ],
                "node_role_arn": "arn:aws:iam::822168632843:role/EMR_EC2_DefaultRole"
              }
            ],
            "created_at": "2025-10-06T17:08:09Z",
            "enabled_cluster_log_types": [
              "api",
              "audit",
              "authenticator",
              "controllerManager",
              "scheduler"
            ],
            "endpoint": "https://3EBCBC89200EC8BB5AFCA4B57F98EA96.gr7.us-east-1.eks.amazonaws.com",
            "id": "fastfood-cluster",
            "identity": [
              {
                "oidc": [
                  {
                    "issuer": "https://oidc.eks.us-east-1.amazonaws.com/id/3EBCBC89200EC8BB5AFCA4B57F98EA96"
                  }
                ]
              }
            ],
            "kubernetes_network_config": [
              {
                "elastic_load_balancing": [
                  {
                    "enabled": true
                  }
                ],
                "ip_family": "ipv4",
                "service_ipv4_cidr": "10.100.0.0/16",
                "service_ipv6_cidr": ""
              }
            ],
            "name": "fastfood-cluster",
            "outpost_config": [],
            "platform_version": "eks.16",
            "remote_network_config": [],
            "role_arn": "arn:aws:iam::822168632843:role/c173096a4485959l11954182t1w822168-LabEksClusterRole-ef2Ut0opYb6H",
            "status": "ACTIVE",
            "storage_config": [
              {
                "block_storage": [
                  {
                    "enabled": true
                  }
                ]
              }
            ],
            "tags": {},
            "upgrade_policy": [
              {
                "support_type": "STANDARD"
              }
            ],
            "version": "1.33",
            "vpc_config": [
              {
                "cluster_security_group_id": "sg-05c49d0864851c313",
                "endpoint_private_access": true,
                "endpoint_public_access": true,
                "public_access_cidrs": [
                  "0.0.0.0/0"
                ],
                "security_group_ids": [],
                "subnet_ids": [
                  "subnet-00d9567fd5bbe25f8",
                  "subnet-010e9d115c6862e25",
                  "subnet-089981bd51b251d51",
                  "subnet-0a4dc7a4522ad53de",
                  "subnet-0ad18685b75d95b6e"
                ],
                "vpc_id": "vpc-0a9de956188cc34eb"
              }
            ],
            "zonal_shift_config": [
              {
                "enabled": true
              }
            ]
          },
          "sensitive_attributes": []
        }
      ]
    },
    {
      "mode": "data",
      "type": "aws_eks_cluster_auth",
      "name": "eks",
      "provider": "provider[\"registry.terraform.io/hashicorp/aws\"]",
      "instances": [
        {
          "schema_version": 0,
          "attributes": {
            "id": "fastfood-cluster",
            "name": "fastfood-cluster",
            "token": "k8s-aws-v1.aHR0cHM6Ly9zdHMudXMtZWFzdC0xLmFtYXpvbmF3cy5jb20vP0FjdGlvbj1HZXRDYWxsZXJJZGVudGl0eSZWZXJzaW9uPTIwMTEtMDYtMTUmWC1BbXotQWxnb3JpdGhtPUFXUzQtSE1BQy1TSEEyNTYmWC1BbXotQ3JlZGVudGlhbD1BU0lBMzYzSVJYWUYzTlFZRjVCUiUyRjIwMjUxMDA3JTJGdXMtZWFzdC0xJTJGc3RzJTJGYXdzNF9yZXF1ZXN0JlgtQW16LURhdGU9MjAyNTEwMDdUMTk0MjQ0WiZYLUFtei1FeHBpcmVzPTAmWC1BbXotU2VjdXJpdHktVG9rZW49SVFvSmIzSnBaMmx1WDJWakVCTWFDWFZ6TFhkbGMzUXRNaUpITUVVQ0lRQzJDNXdLdm45U3hwY0VNZk5zeDdNNWk2OW4wTGJSMFZBb2klMkZNRTlpeVJSd0lnWGtNeWpWTHRBbnJDTVpFZWtGJTJCODF4amczaGlqdVNURHhYRWxsd0clMkY1cVFxdkFJSXJQJTJGJTJGJTJGJTJGJTJGJTJGJTJGJTJGJTJGJTJGQVJBQkdndzRNakl4TmpnMk16STRORE1pRFBtREJqQ1o2RVhKZXp2S1l5cVFBb0lRaWlzSkpRQ2w0YjFEanpKZEg5ZWEzJTJCU3A3QmV5JTJCU1ZraVFBNk11dVE5NktUZ2FCTVNDSVhFcUd5MDNSMGxsYkhGMTRoYjNkcWFBNWNjQnFnRElJb2FIZXU2WU90ZXFNbDMxM2w4Z2lnQjkwcW5nJTJGdiUyRkZSWkQ0Z2RxV3FTNFEwcnYyMjBsWlM3TEVYSldhbnBNbkExM3dEJTJGTUc5UDZqVWNVZ2pOUXBWQVlaYiUyQkFEbkNvSFVOYTk1cjRTMXNpOVAxVHBLWTk0TU5SWjglMkJQVW9neWhsbzc2NVJ1ZUVrNjQ4NTkzVmdOT2ZvaEE2QVklMkZaJTJCbWg3WHpyVEtDJTJCY0lIRUxhZzJMV0glMkZ5bUtXUllnQ2l4ejdzbkRkYkFrS1FBVlZabXlkJTJGdFNtM2tOdmphUW9WZVd6dXRUJTJGMWpucmN3RmFBb2xQekpVJTJGQTJrSFloRlg5VmxDRnk5c0FyUzZneGZQVTZEaHdoMjVTWU1LbSUyQmxjY0dPcDBCN2hHd0FWelppbzIwVzVYaklHbEtPbkZZSHpaYUd0SnpNeHZ4OFhudFpoMDRyZXhNMDdXdDVxbWhIRnNkSGRKMDBzOWZCdzFNSFlmTWdUU3FGaEJpSEFzMlVWNTFSWHcyZ3U4TWpnOGFIY2NEaWp2dUttZkFLanFFJTJCSHF1UDhyJTJCU2QxZ2xmSXNodGt1bUtrb2dyUzlJeVdWazdmaUg2MWJ2NG81RnR5aUpKc2V1RFpObnlQVFElMkZORkxEZlBWRTBoTzFTemd3WjFGZHZvYjllMTFRJTNEJTNEJlgtQW16LVNpZ25lZEhlYWRlcnM9aG9zdCUzQngtazhzLWF3cy1pZCZYLUFtei1TaWduYXR1cmU9N2RmZWY5NDJiMDI5YjQwYmE0OWZiMGI1ZDdmMjEyM2FhOGY2OGU0YmEwNTI2ZjJjZWZiZGViNGFlZDMzMGM1Zg"
          },
          "sensitive_attributes": [
            [
              {
                "type": "get_attr",
                "value": "token"
              }
            ]
          ]
        }
      ]
    },
    {
      "mode": "managed",
      "type": "kubernetes_namespace",
      "name": "fastfood",
      "provider": "provider[\"registry.terraform.io/hashicorp/kubernetes\"]",
      "instances": [
        {
          "schema_version": 0,
          "attributes": {
            "id": "fastfood",
            "metadata": [
              {
                "annotations": {},
                "generate_name": "",
                "generation": 0,
                "labels": {},
                "name": "fastfood",
                "resource_version": "126593",
                "uid": "3f051618-55ea-4b47-b9ce-55eb258db499"
              }
            ],
            "timeouts": null,
            "wait_for_default_service_account": false
          },
          "sensitive_attributes": [],
          "private": "eyJlMmJmYjczMC1lY2FhLTExZTYtOGY4OC0zNDM2M2JjN2M0YzAiOnsiZGVsZXRlIjozMDAwMDAwMDAwMDB9fQ==",
          "dependencies": [
            "data.aws_eks_cluster.eks",
            "data.aws_eks_cluster_auth.eks"
          ]
        }
      ]
    },
    {
      "module": "module.api",
      "mode": "managed",
      "type": "kubernetes_config_map",
      "name": "postgres_config",
      "provider": "provider[\"registry.terraform.io/hashicorp/kubernetes\"]",
      "instances": [
        {
          "schema_version": 0,
          "attributes": {
            "binary_data": {},
            "data": {
              "POSTGRES_DB": "fastfood"
            },
            "id": "fastfood/postgres-config",
            "immutable": false,
            "metadata": [
              {
                "annotations": {},
                "generate_name": "",
                "generation": 0,
                "labels": {
                  "app": "postgres"
                },
                "name": "postgres-config",
                "namespace": "fastfood",
                "resource_version": "126623",
                "uid": "48f9b96d-abab-493e-ae96-4cc69f9804d9"
              }
            ]
          },
          "sensitive_attributes": [],
          "private": "bnVsbA==",
          "dependencies": [
            "data.aws_eks_cluster.eks",
            "data.aws_eks_cluster_auth.eks",
            "kubernetes_namespace.fastfood"
          ]
        }
      ]
    },
    {
      "module": "module.api",
      "mode": "managed",
      "type": "kubernetes_deployment",
      "name": "fastfood",
      "provider": "provider[\"registry.terraform.io/hashicorp/kubernetes\"]",
      "instances": [
        {
          "schema_version": 1,
          "attributes": {
            "id": "fastfood/fast-food",
            "metadata": [
              {
                "annotations": {},
                "generate_name": "",
                "generation": 1,
                "labels": {
                  "app": "fast-food"
                },
                "name": "fast-food",
                "namespace": "fastfood",
                "resource_version": "536583",
                "uid": "950b03b6-dc62-4ccb-8688-984758ce5ae0"
              }
            ],
            "spec": [
              {
                "min_ready_seconds": 0,
                "paused": false,
                "progress_deadline_seconds": 600,
                "replicas": "2",
                "revision_history_limit": 10,
                "selector": [
                  {
                    "match_expressions": [],
                    "match_labels": {
                      "app": "fast-food"
                    }
                  }
                ],
                "strategy": [
                  {
                    "rolling_update": [
                      {
                        "max_surge": "25%",
                        "max_unavailable": "25%"
                      }
                    ],
                    "type": "RollingUpdate"
                  }
                ],
                "template": [
                  {
                    "metadata": [
                      {
                        "annotations": {},
                        "generate_name": "",
                        "generation": 0,
                        "labels": {
                          "app": "fast-food"
                        },
                        "name": "",
                        "namespace": "",
                        "resource_version": "",
                        "uid": ""
                      }
                    ],
                    "spec": [
                      {
                        "active_deadline_seconds": 0,
                        "affinity": [],
                        "automount_service_account_token": true,
                        "container": [
                          {
                            "args": [],
                            "command": [],
                            "env": [
                              {
                                "name": "SPRING_DATASOURCE_URL",
                                "value": "",
                                "value_from": [
                                  {
                                    "config_map_key_ref": [],
                                    "field_ref": [],
                                    "resource_field_ref": [],
                                    "secret_key_ref": [
                                      {
                                        "key": "URL",
                                        "name": "postgres-secret",
                                        "optional": false
                                      }
                                    ]
                                  }
                                ]
                              },
                              {
                                "name": "SPRING_DATASOURCE_USERNAME",
                                "value": "",
                                "value_from": [
                                  {
                                    "config_map_key_ref": [],
                                    "field_ref": [],
                                    "resource_field_ref": [],
                                    "secret_key_ref": [
                                      {
                                        "key": "POSTGRES_USER",
                                        "name": "postgres-secret",
                                        "optional": false
                                      }
                                    ]
                                  }
                                ]
                              },
                              {
                                "name": "SPRING_DATASOURCE_PASSWORD",
                                "value": "",
                                "value_from": [
                                  {
                                    "config_map_key_ref": [],
                                    "field_ref": [],
                                    "resource_field_ref": [],
                                    "secret_key_ref": [
                                      {
                                        "key": "POSTGRES_PASSWORD",
                                        "name": "postgres-secret",
                                        "optional": false
                                      }
                                    ]
                                  }
                                ]
                              }
                            ],
                            "env_from": [],
                            "image": "gustavoaleq/fastfood:3",
                            "image_pull_policy": "IfNotPresent",
                            "lifecycle": [],
                            "liveness_probe": [],
                            "name": "fastfood",
                            "port": [
                              {
                                "container_port": 8080,
                                "host_ip": "",
                                "host_port": 0,
                                "name": "",
                                "protocol": "TCP"
                              }
                            ],
                            "readiness_probe": [],
                            "resources": [
                              {
                                "limits": {
                                  "cpu": "300m",
                                  "memory": "512Mi"
                                },
                                "requests": {
                                  "cpu": "100m",
                                  "memory": "256Mi"
                                }
                              }
                            ],
                            "security_context": [],
                            "startup_probe": [],
                            "stdin": false,
                            "stdin_once": false,
                            "termination_message_path": "/dev/termination-log",
                            "termination_message_policy": "File",
                            "tty": false,
                            "volume_device": [],
                            "volume_mount": [],
                            "working_dir": ""
                          }
                        ],
                        "dns_config": [],
                        "dns_policy": "ClusterFirst",
                        "enable_service_links": true,
                        "host_aliases": [],
                        "host_ipc": false,
                        "host_network": false,
                        "host_pid": false,
                        "hostname": "",
                        "image_pull_secrets": [],
                        "init_container": [],
                        "node_name": "",
                        "node_selector": {},
                        "os": [],
                        "priority_class_name": "",
                        "readiness_gate": [],
                        "restart_policy": "Always",
                        "runtime_class_name": "",
                        "scheduler_name": "default-scheduler",
                        "security_context": [],
                        "service_account_name": "",
                        "share_process_namespace": false,
                        "subdomain": "",
                        "termination_grace_period_seconds": 30,
                        "toleration": [],
                        "topology_spread_constraint": [],
                        "volume": []
                      }
                    ]
                  }
                ]
              }
            ],
            "timeouts": null,
            "wait_for_rollout": true
          },
          "sensitive_attributes": [],
          "private": "eyJlMmJmYjczMC1lY2FhLTExZTYtOGY4OC0zNDM2M2JjN2M0YzAiOnsiY3JlYXRlIjo2MDAwMDAwMDAwMDAsImRlbGV0ZSI6NjAwMDAwMDAwMDAwLCJ1cGRhdGUiOjYwMDAwMDAwMDAwMH0sInNjaGVtYV92ZXJzaW9uIjoiMSJ9",
          "dependencies": [
            "data.aws_eks_cluster.eks",
            "data.aws_eks_cluster_auth.eks",
            "kubernetes_namespace.fastfood"
          ]
        }
      ]
    },
    {
      "module": "module.api",
      "mode": "managed",
      "type": "kubernetes_horizontal_pod_autoscaler_v2",
      "name": "fastfood",
      "provider": "provider[\"registry.terraform.io/hashicorp/kubernetes\"]",
      "instances": [
        {
          "schema_version": 0,
          "attributes": {
            "id": "fastfood/hpa-fastfood",
            "metadata": [
              {
                "annotations": {},
                "generate_name": "",
                "generation": 0,
                "labels": {},
                "name": "hpa-fastfood",
                "namespace": "fastfood",
                "resource_version": "536592",
                "uid": "2db77b48-dfe4-41ad-9ec5-5cdbc13970e0"
              }
            ],
            "spec": [
              {
                "behavior": [
                  {
                    "scale_down": [
                      {
                        "policy": [
                          {
                            "period_seconds": 15,
                            "type": "Percent",
                            "value": 100
                          }
                        ],
                        "select_policy": "Max",
                        "stabilization_window_seconds": 0
                      }
                    ],
                    "scale_up": [
                      {
                        "policy": [
                          {
                            "period_seconds": 15,
                            "type": "Pods",
                            "value": 4
                          },
                          {
                            "period_seconds": 15,
                            "type": "Percent",
                            "value": 100
                          }
                        ],
                        "select_policy": "Max",
                        "stabilization_window_seconds": 0
                      }
                    ]
                  }
                ],
                "max_replicas": 5,
                "metric": [
                  {
                    "container_resource": [],
                    "external": [],
                    "object": [],
                    "pods": [],
                    "resource": [
                      {
                        "name": "cpu",
                        "target": [
                          {
                            "average_utilization": 80,
                            "average_value": "",
                            "type": "Utilization",
                            "value": ""
                          }
                        ]
                      }
                    ],
                    "type": "Resource"
                  }
                ],
                "min_replicas": 1,
                "scale_target_ref": [
                  {
                    "api_version": "apps/v1",
                    "kind": "Deployment",
                    "name": "fast-food"
                  }
                ],
                "target_cpu_utilization_percentage": 0
              }
            ]
          },
          "sensitive_attributes": [],
          "private": "bnVsbA==",
          "dependencies": [
            "data.aws_eks_cluster.eks",
            "data.aws_eks_cluster_auth.eks",
            "kubernetes_namespace.fastfood",
            "module.api.kubernetes_deployment.fastfood"
          ]
        }
      ]
    },
    {
      "module": "module.api",
      "mode": "managed",
      "type": "kubernetes_secret",
      "name": "postgres_secret",
      "provider": "provider[\"registry.terraform.io/hashicorp/kubernetes\"]",
      "instances": [
        {
          "schema_version": 0,
          "attributes": {
            "binary_data": null,
            "binary_data_wo": null,
            "binary_data_wo_revision": null,
            "data": {
              "POSTGRES_DB": "fastfood",
              "POSTGRES_PASSWORD": "fastfood123",
              "POSTGRES_USER": "fastfood_admin",
              "URL": "jdbc:postgresql://fastfood-db.cdp5joxq3sjh.us-east-1.rds.amazonaws.com:5432/fastfood"
            },
            "data_wo": null,
            "data_wo_revision": null,
            "id": "fastfood/postgres-secret",
            "immutable": false,
            "metadata": [
              {
                "annotations": {},
                "generate_name": "",
                "generation": 0,
                "labels": {},
                "name": "postgres-secret",
                "namespace": "fastfood",
                "resource_version": "208319",
                "uid": "0d2f5800-083d-4eff-9a5e-9a9760f97821"
              }
            ],
            "timeouts": null,
            "type": "Opaque",
            "wait_for_service_account_token": true
          },
          "sensitive_attributes": [
            [
              {
                "type": "get_attr",
                "value": "binary_data"
              }
            ],
            [
              {
                "type": "get_attr",
                "value": "data"
              }
            ]
          ],
          "private": "eyJlMmJmYjczMC1lY2FhLTExZTYtOGY4OC0zNDM2M2JjN2M0YzAiOnsiY3JlYXRlIjo2MDAwMDAwMDAwMH19",
          "dependencies": [
            "data.aws_eks_cluster.eks",
            "data.aws_eks_cluster_auth.eks",
            "kubernetes_namespace.fastfood"
          ]
        }
      ]
    },
    {
      "module": "module.api",
      "mode": "managed",
      "type": "kubernetes_service",
      "name": "fastfood",
      "provider": "provider[\"registry.terraform.io/hashicorp/kubernetes\"]",
      "instances": [
        {
          "schema_version": 1,
          "attributes": {
            "id": "fastfood/svc-fastfood",
            "metadata": [
              {
                "annotations": {},
                "generate_name": "",
                "generation": 0,
                "labels": {
                  "app": "svc-fastfood"
                },
                "name": "svc-fastfood",
                "namespace": "fastfood",
                "resource_version": "214364",
                "uid": "e204a3ff-1195-4dfe-ace2-fcbebbd373e7"
              }
            ],
            "spec": [
              {
                "allocate_load_balancer_node_ports": true,
                "cluster_ip": "10.100.254.206",
                "cluster_ips": [
                  "10.100.254.206"
                ],
                "external_ips": [],
                "external_name": "",
                "external_traffic_policy": "Cluster",
                "health_check_node_port": 0,
                "internal_traffic_policy": "Cluster",
                "ip_families": [
                  "IPv4"
                ],
                "ip_family_policy": "SingleStack",
                "load_balancer_class": "",
                "load_balancer_ip": "",
                "load_balancer_source_ranges": [],
                "port": [
                  {
                    "app_protocol": "",
                    "name": "",
                    "node_port": 30080,
                    "port": 80,
                    "protocol": "TCP",
                    "target_port": "8080"
                  }
                ],
                "publish_not_ready_addresses": false,
                "selector": {
                  "app": "fast-food"
                },
                "session_affinity": "None",
                "session_affinity_config": [],
                "type": "LoadBalancer"
              }
            ],
            "status": [
              {
                "load_balancer": [
                  {
                    "ingress": [
                      {
                        "hostname": "ae204a3ff11954dfeace2fcbebbd373e-1747442783.us-east-1.elb.amazonaws.com",
                        "ip": ""
                      }
                    ]
                  }
                ]
              }
            ],
            "timeouts": null,
            "wait_for_load_balancer": true
          },
          "sensitive_attributes": [],
          "private": "eyJlMmJmYjczMC1lY2FhLTExZTYtOGY4OC0zNDM2M2JjN2M0YzAiOnsiY3JlYXRlIjo2MDAwMDAwMDAwMDB9LCJzY2hlbWFfdmVyc2lvbiI6IjEifQ==",
          "dependencies": [
            "data.aws_eks_cluster.eks",
            "data.aws_eks_cluster_auth.eks",
            "kubernetes_namespace.fastfood"
          ]
        }
      ]
    }
  ],
  "check_results": null
}
